
Microsoft Visual Studio Solution File, Format Version 12.00
# Visual Studio 14
VisualStudioVersion = 14.0.25420.1
MinimumVisualStudioVersion = 10.0.40219.1
Project("{FAE04EC0-301F-11D3-BF4B-00C04F79EFBC}") = "LoginMultiPlatform.Droid", "LoginMultiPlatform.Droid\LoginMultiPlatform.Droid.csproj", "{0232E86A-F72E-44B1-ACD5-CCB7C2D413F1}"
EndProject
Project("{FAE04EC0-301F-11D3-BF4B-00C04F79EFBC}") = "LoginMultiPlatform.iOS", "LoginMultiPlatform.iOS\LoginMultiPlatform.iOS.csproj", "{57A21D46-2A71-49EF-8C71-524162851233}"
EndProject
Project("{FAE04EC0-301F-11D3-BF4B-00C04F79EFBC}") = "LoginMultiPlatform.Core", "LoginMultiPlatform.Core\LoginMultiPlatform.Core.csproj", "{49D34679-22E7-417F-9D84-015B28124FBF}"
EndProject
Global
	GlobalSection(SolutionConfigurationPlatforms) = preSolution
		Ad-Hoc|Any CPU = Ad-Hoc|Any CPU
		Ad-Hoc|ARM = Ad-Hoc|ARM
		Ad-Hoc|iPhone = Ad-Hoc|iPhone
		Ad-Hoc|iPhoneSimulator = Ad-Hoc|iPhoneSimulator
		Ad-Hoc|x86 = Ad-Hoc|x86
		AppStore|Any CPU = AppStore|Any CPU
		AppStore|ARM = AppStore|ARM
		AppStore|iPhone = AppStore|iPhone
		AppStore|iPhoneSimulator = AppStore|iPhoneSimulator
		AppStore|x86 = AppStore|x86
		Debug|Any CPU = Debug|Any CPU
		Debug|ARM = Debug|ARM
		Debug|iPhone = Debug|iPhone
		Debug|iPhoneSimulator = Debug|iPhoneSimulator
		Debug|x86 = Debug|x86
		Release|Any CPU = Release|Any CPU
		Release|ARM = Release|ARM
		Release|iPhone = Release|iPhone
		Release|iPhoneSimulator = Release|iPhoneSimulator
		Release|x86 = Release|x86
	EndGlobalSection
	GlobalSection(ProjectConfigurationPlatforms) = postSolution
		{0232E86A-F72E-44B1-ACD5-CCB7C2D413F1}.Ad-Hoc|Any CPU.ActiveCfg = Release|Any CPU
		{0232E86A-F72E-44B1-ACD5-CCB7C2D413F1}.Ad-Hoc|Any CPU.Build.0 = Release|Any CPU
		{0232E86A-F72E-44B1-ACD5-CCB7C2D413F1}.Ad-Hoc|Any CPU.Deploy.0 = Release|Any CPU
		{0232E86A-F72E-44B1-ACD5-CCB7C2D413F1}.Ad-Hoc|ARM.ActiveCfg = Release|Any CPU
		{0232E86A-F72E-44B1-ACD5-CCB7C2D413F1}.Ad-Hoc|ARM.Build.0 = Release|Any CPU
		{0232E86A-F72E-44B1-ACD5-CCB7C2D413F1}.Ad-Hoc|ARM.Deploy.0 = Release|Any CPU
		{0232E86A-F72E-44B1-ACD5-CCB7C2D413F1}.Ad-Hoc|iPhone.ActiveCfg = Release|Any CPU
		{0232E86A-F72E-44B1-ACD5-CCB7C2D413F1}.Ad-Hoc|iPhone.Build.0 = Release|Any CPU
		{0232E86A-F72E-44B1-ACD5-CCB7C2D413F1}.Ad-Hoc|iPhone.Deploy.0 = Release|Any CPU
		{0232E86A-F72E-44B1-ACD5-CCB7C2D413F1}.Ad-Hoc|iPhoneSimulator.ActiveCfg = Release|Any CPU
		{0232E86A-F72E-44B1-ACD5-CCB7C2D413F1}.Ad-Hoc|iPhoneSimulator.Build.0 = Release|Any CPU
		{0232E86A-F72E-44B1-ACD5-CCB7C2D413F1}.Ad-Hoc|iPhoneSimulator.Deploy.0 = Release|Any CPU
		{0232E86A-F72E-44B1-ACD5-CCB7C2D413F1}.Ad-Hoc|x86.ActiveCfg = Release|Any CPU
		{0232E86A-F72E-44B1-ACD5-CCB7C2D413F1}.Ad-Hoc|x86.Build.0 = Release|Any CPU
		{0232E86A-F72E-44B1-ACD5-CCB7C2D413F1}.Ad-Hoc|x86.Deploy.0 = Release|Any CPU
		{0232E86A-F72E-44B1-ACD5-CCB7C2D413F1}.AppStore|Any CPU.ActiveCfg = Release|Any CPU
		{0232E86A-F72E-44B1-ACD5-CCB7C2D413F1}.AppStore|Any CPU.Build.0 = Release|Any CPU
		{0232E86A-F72E-44B1-ACD5-CCB7C2D413F1}.AppStore|Any CPU.Deploy.0 = Release|Any CPU
		{0232E86A-F72E-44B1-ACD5-CCB7C2D413F1}.AppStore|ARM.ActiveCfg = Release|Any CPU
		{0232E86A-F72E-44B1-ACD5-CCB7C2D413F1}.AppStore|ARM.Build.0 = Release|Any CPU
		{0232E86A-F72E-44B1-ACD5-CCB7C2D413F1}.AppStore|ARM.Deploy.0 = Release|Any CPU
		{0232E86A-F72E-44B1-ACD5-CCB7C2D413F1}.AppStore|iPhone.ActiveCfg = Release|Any CPU
		{0232E86A-F72E-44B1-ACD5-CCB7C2D413F1}.AppStore|iPhone.Build.0 = Release|Any CPU
		{0232E86A-F72E-44B1-ACD5-CCB7C2D413F1}.AppStore|iPhone.Deploy.0 = Release|Any CPU
		{0232E86A-F72E-44B1-ACD5-CCB7C2D413F1}.AppStore|iPhoneSimulator.ActiveCfg = Release|Any CPU
		{0232E86A-F72E-44B1-ACD5-CCB7C2D413F1}.AppStore|iPhoneSimulator.Build.0 = Release|Any CPU
		{0232E86A-F72E-44B1-ACD5-CCB7C2D413F1}.AppStore|iPhoneSimulator.Deploy.0 = Release|Any CPU
		{0232E86A-F72E-44B1-ACD5-CCB7C2D413F1}.AppStore|x86.ActiveCfg = Release|Any CPU
		{0232E86A-F72E-44B1-ACD5-CCB7C2D413F1}.AppStore|x86.Build.0 = Release|Any CPU
		{0232E86A-F72E-44B1-ACD5-CCB7C2D413F1}.AppStore|x86.Deploy.0 = Release|Any CPU
		{0232E86A-F72E-44B1-ACD5-CCB7C2D413F1}.Debug|Any CPU.ActiveCfg = Debug|Any CPU
		{0232E86A-F72E-44B1-ACD5-CCB7C2D413F1}.Debug|Any CPU.Build.0 = Debug|Any CPU
		{0232E86A-F72E-44B1-ACD5-CCB7C2D413F1}.Debug|Any CPU.Deploy.0 = Debug|Any CPU
		{0232E86A-F72E-44B1-ACD5-CCB7C2D413F1}.Debug|ARM.ActiveCfg = Debug|Any CPU
		{0232E86A-F72E-44B1-ACD5-CCB7C2D413F1}.Debug|ARM.Build.0 = Debug|Any CPU
		{0232E86A-F72E-44B1-ACD5-CCB7C2D413F1}.Debug|ARM.Deploy.0 = Debug|Any CPU
		{0232E86A-F72E-44B1-ACD5-CCB7C2D413F1}.Debug|iPhone.ActiveCfg = Debug|Any CPU
		{0232E86A-F72E-44B1-ACD5-CCB7C2D413F1}.Debug|iPhone.Build.0 = Debug|Any CPU
		{0232E86A-F72E-44B1-ACD5-CCB7C2D413F1}.Debug|iPhone.Deploy.0 = Debug|Any CPU
		{0232E86A-F72E-44B1-ACD5-CCB7C2D413F1}.Debug|iPhoneSimulator.ActiveCfg = Debug|Any CPU
		{0232E86A-F72E-44B1-ACD5-CCB7C2D413F1}.Debug|iPhoneSimulator.Build.0 = Debug|Any CPU
		{0232E86A-F72E-44B1-ACD5-CCB7C2D413F1}.Debug|iPhoneSimulator.Deploy.0 = Debug|Any CPU
		{0232E86A-F72E-44B1-ACD5-CCB7C2D413F1}.Debug|x86.ActiveCfg = Debug|Any CPU
		{0232E86A-F72E-44B1-ACD5-CCB7C2D413F1}.Debug|x86.Build.0 = Debug|Any CPU
		{0232E86A-F72E-44B1-ACD5-CCB7C2D413F1}.Debug|x86.Deploy.0 = Debug|Any CPU
		{0232E86A-F72E-44B1-ACD5-CCB7C2D413F1}.Release|Any CPU.ActiveCfg = Release|Any CPU
		{0232E86A-F72E-44B1-ACD5-CCB7C2D413F1}.Release|Any CPU.Build.0 = Release|Any CPU
		{0232E86A-F72E-44B1-ACD5-CCB7C2D413F1}.Release|Any CPU.Deploy.0 = Release|Any CPU
		{0232E86A-F72E-44B1-ACD5-CCB7C2D413F1}.Release|ARM.ActiveCfg = Release|Any CPU
		{0232E86A-F72E-44B1-ACD5-CCB7C2D413F1}.Release|ARM.Build.0 = Release|Any CPU
		{0232E86A-F72E-44B1-ACD5-CCB7C2D413F1}.Release|ARM.Deploy.0 = Release|Any CPU
		{0232E86A-F72E-44B1-ACD5-CCB7C2D413F1}.Release|iPhone.ActiveCfg = Release|Any CPU
		{0232E86A-F72E-44B1-ACD5-CCB7C2D413F1}.Release|iPhone.Build.0 = Release|Any CPU
		{0232E86A-F72E-44B1-ACD5-CCB7C2D413F1}.Release|iPhone.Deploy.0 = Release|Any CPU
		{0232E86A-F72E-44B1-ACD5-CCB7C2D413F1}.Release|iPhoneSimulator.ActiveCfg = Release|Any CPU
		{0232E86A-F72E-44B1-ACD5-CCB7C2D413F1}.Release|iPhoneSimulator.Build.0 = Release|Any CPU
		{0232E86A-F72E-44B1-ACD5-CCB7C2D413F1}.Release|iPhoneSimulator.Deploy.0 = Release|Any CPU
		{0232E86A-F72E-44B1-ACD5-CCB7C2D413F1}.Release|x86.ActiveCfg = Release|Any CPU
		{0232E86A-F72E-44B1-ACD5-CCB7C2D413F1}.Release|x86.Build.0 = Release|Any CPU
		{0232E86A-F72E-44B1-ACD5-CCB7C2D413F1}.Release|x86.Deploy.0 = Release|Any CPU
		{57A21D46-2A71-49EF-8C71-524162851233}.Ad-Hoc|Any CPU.ActiveCfg = Ad-Hoc|iPhone
		{57A21D46-2A71-49EF-8C71-524162851233}.Ad-Hoc|ARM.ActiveCfg = Ad-Hoc|iPhone
		{57A21D46-2A71-49EF-8C71-524162851233}.Ad-Hoc|iPhone.ActiveCfg = Ad-Hoc|iPhone
		{57A21D46-2A71-49EF-8C71-524162851233}.Ad-Hoc|iPhone.Build.0 = Ad-Hoc|iPhone
		{57A21D46-2A71-49EF-8C71-524162851233}.Ad-Hoc|iPhoneSimulator.ActiveCfg = Ad-Hoc|iPhoneSimulator
		{57A21D46-2A71-49EF-8C71-524162851233}.Ad-Hoc|iPhoneSimulator.Build.0 = Ad-Hoc|iPhoneSimulator
		{57A21D46-2A71-49EF-8C71-524162851233}.Ad-Hoc|x86.ActiveCfg = Ad-Hoc|iPhone
		{57A21D46-2A71-49EF-8C71-524162851233}.AppStore|Any CPU.ActiveCfg = AppStore|iPhone
		{57A21D46-2A71-49EF-8C71-524162851233}.AppStore|ARM.ActiveCfg = AppStore|iPhone
		{57A21D46-2A71-49EF-8C71-524162851233}.AppStore|iPhone.ActiveCfg = AppStore|iPhone
		{57A21D46-2A71-49EF-8C71-524162851233}.AppStore|iPhone.Build.0 = AppStore|iPhone
		{57A21D46-2A71-49EF-8C71-524162851233}.AppStore|iPhoneSimulator.ActiveCfg = AppStore|iPhoneSimulator
		{57A21D46-2A71-49EF-8C71-524162851233}.AppStore|iPhoneSimulator.Build.0 = AppStore|iPhoneSimulator
		{57A21D46-2A71-49EF-8C71-524162851233}.AppStore|x86.ActiveCfg = AppStore|iPhone
		{57A21D46-2A71-49EF-8C71-524162851233}.Debug|Any CPU.ActiveCfg = Debug|iPhone
		{57A21D46-2A71-49EF-8C71-524162851233}.Debug|ARM.ActiveCfg = Debug|iPhone
		{57A21D46-2A71-49EF-8C71-524162851233}.Debug|iPhone.ActiveCfg = Debug|iPhone
		{57A21D46-2A71-49EF-8C71-524162851233}.Debug|iPhone.Build.0 = Debug|iPhone
		{57A21D46-2A71-49EF-8C71-524162851233}.Debug|iPhoneSimulator.ActiveCfg = Debug|iPhoneSimulator
		{57A21D46-2A71-49EF-8C71-524162851233}.Debug|iPhoneSimulator.Build.0 = Debug|iPhoneSimulator
		{57A21D46-2A71-49EF-8C71-524162851233}.Debug|x86.ActiveCfg = Debug|iPhone
		{57A21D46-2A71-49EF-8C71-524162851233}.Release|Any CPU.ActiveCfg = Release|iPhone
		{57A21D46-2A71-49EF-8C71-524162851233}.Release|ARM.ActiveCfg = Release|iPhone
		{57A21D46-2A71-49EF-8C71-524162851233}.Release|iPhone.ActiveCfg = Release|iPhone
		{57A21D46-2A71-49EF-8C71-524162851233}.Release|iPhone.Build.0 = Release|iPhone
		{57A21D46-2A71-49EF-8C71-524162851233}.Release|iPhoneSimulator.ActiveCfg = Release|iPhoneSimulator
		{57A21D46-2A71-49EF-8C71-524162851233}.Release|iPhoneSimulator.Build.0 = Release|iPhoneSimulator
		{57A21D46-2A71-49EF-8C71-524162851233}.Release|x86.ActiveCfg = Release|iPhone
		{49D34679-22E7-417F-9D84-015B28124FBF}.Ad-Hoc|Any CPU.ActiveCfg = Release|Any CPU
		{49D34679-22E7-417F-9D84-015B28124FBF}.Ad-Hoc|Any CPU.Build.0 = Release|Any CPU
		{49D34679-22E7-417F-9D84-015B28124FBF}.Ad-Hoc|ARM.ActiveCfg = Release|Any CPU
		{49D34679-22E7-417F-9D84-015B28124FBF}.Ad-Hoc|ARM.Build.0 = Release|Any CPU
		{49D34679-22E7-417F-9D84-015B28124FBF}.Ad-Hoc|iPhone.ActiveCfg = Release|Any CPU
		{49D34679-22E7-417F-9D84-015B28124FBF}.Ad-Hoc|iPhone.Build.0 = Release|Any CPU
		{49D34679-22E7-417F-9D84-015B28124FBF}.Ad-Hoc|iPhoneSimulator.ActiveCfg = Release|Any CPU
		{49D34679-22E7-417F-9D84-015B28124FBF}.Ad-Hoc|iPhoneSimulator.Build.0 = Release|Any CPU
		{49D34679-22E7-417F-9D84-015B28124FBF}.Ad-Hoc|x86.ActiveCfg = Release|Any CPU
		{49D34679-22E7-417F-9D84-015B28124FBF}.Ad-Hoc|x86.Build.0 = Release|Any CPU
		{49D34679-22E7-417F-9D84-015B28124FBF}.AppStore|Any CPU.ActiveCfg = Release|Any CPU
		{49D34679-22E7-417F-9D84-015B28124FBF}.AppStore|Any CPU.Build.0 = Release|Any CPU
		{49D34679-22E7-417F-9D84-015B28124FBF}.AppStore|ARM.ActiveCfg = Release|Any CPU
		{49D34679-22E7-417F-9D84-015B28124FBF}.AppStore|ARM.Build.0 = Release|Any CPU
		{49D34679-22E7-417F-9D84-015B28124FBF}.AppStore|iPhone.ActiveCfg = Release|Any CPU
		{49D34679-22E7-417F-9D84-015B28124FBF}.AppStore|iPhone.Build.0 = Release|Any CPU
		{49D34679-22E7-417F-9D84-015B28124FBF}.AppStore|iPhoneSimulator.ActiveCfg = Release|Any CPU
		{49D34679-22E7-417F-9D84-015B28124FBF}.AppStore|iPhoneSimulator.Build.0 = Release|Any CPU
		{49D34679-22E7-417F-9D84-015B28124FBF}.AppStore|x86.ActiveCfg = Release|Any CPU
		{49D34679-22E7-417F-9D84-015B28124FBF}.AppStore|x86.Build.0 = Release|Any CPU
		{49D34679-22E7-417F-9D84-015B28124FBF}.Debug|Any CPU.ActiveCfg = Debug|Any CPU
		{49D34679-22E7-417F-9D84-015B28124FBF}.Debug|Any CPU.Build.0 = Debug|Any CPU
		{49D34679-22E7-417F-9D84-015B28124FBF}.Debug|ARM.ActiveCfg = Debug|Any CPU
		{49D34679-22E7-417F-9D84-015B28124FBF}.Debug|ARM.Build.0 = Debug|Any CPU
		{49D34679-22E7-417F-9D84-015B28124FBF}.Debug|iPhone.ActiveCfg = Debug|Any CPU
		{49D34679-22E7-417F-9D84-015B28124FBF}.Debug|iPhone.Build.0 = Debug|Any CPU
		{49D34679-22E7-417F-9D84-015B28124FBF}.Debug|iPhoneSimulator.ActiveCfg = Debug|Any CPU
		{49D34679-22E7-417F-9D84-015B28124FBF}.Debug|iPhoneSimulator.Build.0 = Debug|Any CPU
		{49D34679-22E7-417F-9D84-015B28124FBF}.Debug|x86.ActiveCfg = Debug|Any CPU
		{49D34679-22E7-417F-9D84-015B28124FBF}.Debug|x86.Build.0 = Debug|Any CPU
		{49D34679-22E7-417F-9D84-015B28124FBF}.Release|Any CPU.ActiveCfg = Release|Any CPU
		{49D34679-22E7-417F-9D84-015B28124FBF}.Release|Any CPU.Build.0 = Release|Any CPU
		{49D34679-22E7-417F-9D84-015B28124FBF}.Release|ARM.ActiveCfg = Release|Any CPU
		{49D34679-22E7-417F-9D84-015B28124FBF}.Release|ARM.Build.0 = Release|Any CPU
		{49D34679-22E7-417F-9D84-015B28124FBF}.Release|iPhone.ActiveCfg = Release|Any CPU
		{49D34679-22E7-417F-9D84-015B28124FBF}.Release|iPhone.Build.0 = Release|Any CPU
		{49D34679-22E7-417F-9D84-015B28124FBF}.Release|iPhoneSimulator.ActiveCfg = Release|Any CPU
		{49D34679-22E7-417F-9D84-015B28124FBF}.Release|iPhoneSimulator.Build.0 = Release|Any CPU
		{49D34679-22E7-417F-9D84-015B28124FBF}.Release|x86.ActiveCfg = Release|Any CPU
		{49D34679-22E7-417F-9D84-015B28124FBF}.Release|x86.Build.0 = Release|Any CPU
	EndGlobalSection
	GlobalSection(SolutionProperties) = preSolution
		HideSolutionNode = FALSE
	EndGlobalSection
EndGlobal
